{
  "name": "jessica-ayran-mars",
  "version": "1.0.0",
  "lockfileVersion": 3,
  "requires": true,
  "packages": {
    "": {
      "name": "jessica-ayran-mars",
      "version": "1.0.0",
      "license": "ISC",
      "dependencies": {
        "procedural-gl": "^1.0.19"
      }
    },
    "node_modules/procedural-gl": {
      "version": "1.0.19",
      "resolved": "https://registry.npmjs.org/procedural-gl/-/procedural-gl-1.0.19.tgz",
      "integrity": "sha512-gUaZt/MzKPeTRUQmGTC7MZxxHotjnWKX1+4zfrXu6WY3vgWrlXQdJMLghNLJ+W1bUHqFrIywCW54fMajX7T3TA=="
    }
  }
}
